// !$*UTF8*$!
{
	archiveVersion = 1;
	classes = {
	};
	objectVersion = 48;
	objects = {

/* Begin PBXBuildFile section */
		0F29E5004AEFC16F271B0C05 /* Pods_tumblrFeed.framework in Frameworks */ = {isa = PBXBuildFile; fileRef = 465713A301478DC73CB2F197 /* Pods_tumblrFeed.framework */; };
		1C0DE9092142CE0E0043530C /* AppDelegate.swift in Sources */ = {isa = PBXBuildFile; fileRef = 1C0DE9082142CE0E0043530C /* AppDelegate.swift */; };
		1C0DE90E2142CE0E0043530C /* Main.storyboard in Resources */ = {isa = PBXBuildFile; fileRef = 1C0DE90C2142CE0E0043530C /* Main.storyboard */; };
		1C0DE9102142CE0E0043530C /* Assets.xcassets in Resources */ = {isa = PBXBuildFile; fileRef = 1C0DE90F2142CE0E0043530C /* Assets.xcassets */; };
		1C0DE9132142CE0E0043530C /* LaunchScreen.storyboard in Resources */ = {isa = PBXBuildFile; fileRef = 1C0DE9112142CE0E0043530C /* LaunchScreen.storyboard */; };
		1C0DE91E2142CE0E0043530C /* tumblrFeedTests.swift in Sources */ = {isa = PBXBuildFile; fileRef = 1C0DE91D2142CE0E0043530C /* tumblrFeedTests.swift */; };
		1C0DE9292142CE0E0043530C /* tumblrFeedUITests.swift in Sources */ = {isa = PBXBuildFile; fileRef = 1C0DE9282142CE0E0043530C /* tumblrFeedUITests.swift */; };
		1C0DE9372142CF6A0043530C /* PhotosViewController.swift in Sources */ = {isa = PBXBuildFile; fileRef = 1C0DE9362142CF6A0043530C /* PhotosViewController.swift */; };
		1C0DE9392142D3D60043530C /* TableViewCell.swift in Sources */ = {isa = PBXBuildFile; fileRef = 1C0DE9382142D3D60043530C /* TableViewCell.swift */; };
		1C0DE93B2142D6E80043530C /* DetailViewController.swift in Sources */ = {isa = PBXBuildFile; fileRef = 1C0DE93A2142D6E80043530C /* DetailViewController.swift */; };
		1C6308DE214C147B004159BC /* FullScreenPhotoViewController.swift in Sources */ = {isa = PBXBuildFile; fileRef = 1C6308DD214C147B004159BC /* FullScreenPhotoViewController.swift */; };
		66CF7402FDAA987BA92812BB /* Pods_tumblrFeedUITests.framework in Frameworks */ = {isa = PBXBuildFile; fileRef = C681B7011C1D0E236F009982 /* Pods_tumblrFeedUITests.framework */; };
		A0FBFCF6726E6355A06ADA6B /* Pods_tumblrFeedTests.framework in Frameworks */ = {isa = PBXBuildFile; fileRef = 02C1EE9B1716AAE7CF673265 /* Pods_tumblrFeedTests.framework */; };
/* End PBXBuildFile section */

/* Begin PBXContainerItemProxy section */
		1C0DE91A2142CE0E0043530C /* PBXContainerItemProxy */ = {
			isa = PBXContainerItemProxy;
			containerPortal = 1C0DE8FD2142CE0E0043530C /* Project object */;
			proxyType = 1;
			remoteGlobalIDString = 1C0DE9042142CE0E0043530C;
			remoteInfo = tumblrFeed;
		};
		1C0DE9252142CE0E0043530C /* PBXContainerItemProxy */ = {
			isa = PBXContainerItemProxy;
			containerPortal = 1C0DE8FD2142CE0E0043530C /* Project object */;
			proxyType = 1;
			remoteGlobalIDString = 1C0DE9042142CE0E0043530C;
			remoteInfo = tumblrFeed;
		};
/* End PBXContainerItemProxy section */

/* Begin PBXFileReference section */
		02C1EE9B1716AAE7CF673265 /* Pods_tumblrFeedTests.framework */ = {isa = PBXFileReference; explicitFileType = wrapper.framework; includeInIndex = 0; path = Pods_tumblrFeedTests.framework; sourceTree = BUILT_PRODUCTS_DIR; };
		1C0DE9052142CE0E0043530C /* tumblrFeed.app */ = {isa = PBXFileReference; explicitFileType = wrapper.application; includeInIndex = 0; path = tumblrFeed.app; sourceTree = BUILT_PRODUCTS_DIR; };
		1C0DE9082142CE0E0043530C /* AppDelegate.swift */ = {isa = PBXFileReference; lastKnownFileType = sourcecode.swift; path = AppDelegate.swift; sourceTree = "<group>"; };
		1C0DE90D2142CE0E0043530C /* Base */ = {isa = PBXFileReference; lastKnownFileType = file.storyboard; name = Base; path = Base.lproj/Main.storyboard; sourceTree = "<group>"; };
		1C0DE90F2142CE0E0043530C /* Assets.xcassets */ = {isa = PBXFileReference; lastKnownFileType = folder.assetcatalog; path = Assets.xcassets; sourceTree = "<group>"; };
		1C0DE9122142CE0E0043530C /* Base */ = {isa = PBXFileReference; lastKnownFileType = file.storyboard; name = Base; path = Base.lproj/LaunchScreen.storyboard; sourceTree = "<group>"; };
		1C0DE9142142CE0E0043530C /* Info.plist */ = {isa = PBXFileReference; lastKnownFileType = text.plist.xml; path = Info.plist; sourceTree = "<group>"; };
		1C0DE9192142CE0E0043530C /* tumblrFeedTests.xctest */ = {isa = PBXFileReference; explicitFileType = wrapper.cfbundle; includeInIndex = 0; path = tumblrFeedTests.xctest; sourceTree = BUILT_PRODUCTS_DIR; };
		1C0DE91D2142CE0E0043530C /* tumblrFeedTests.swift */ = {isa = PBXFileReference; lastKnownFileType = sourcecode.swift; path = tumblrFeedTests.swift; sourceTree = "<group>"; };
		1C0DE91F2142CE0E0043530C /* Info.plist */ = {isa = PBXFileReference; lastKnownFileType = text.plist.xml; path = Info.plist; sourceTree = "<group>"; };
		1C0DE9242142CE0E0043530C /* tumblrFeedUITests.xctest */ = {isa = PBXFileReference; explicitFileType = wrapper.cfbundle; includeInIndex = 0; path = tumblrFeedUITests.xctest; sourceTree = BUILT_PRODUCTS_DIR; };
		1C0DE9282142CE0E0043530C /* tumblrFeedUITests.swift */ = {isa = PBXFileReference; lastKnownFileType = sourcecode.swift; path = tumblrFeedUITests.swift; sourceTree = "<group>"; };
		1C0DE92A2142CE0E0043530C /* Info.plist */ = {isa = PBXFileReference; lastKnownFileType = text.plist.xml; path = Info.plist; sourceTree = "<group>"; };
		1C0DE9362142CF6A0043530C /* PhotosViewController.swift */ = {isa = PBXFileReference; lastKnownFileType = sourcecode.swift; path = PhotosViewController.swift; sourceTree = "<group>"; };
		1C0DE9382142D3D60043530C /* TableViewCell.swift */ = {isa = PBXFileReference; lastKnownFileType = sourcecode.swift; path = TableViewCell.swift; sourceTree = "<group>"; };
		1C0DE93A2142D6E80043530C /* DetailViewController.swift */ = {isa = PBXFileReference; lastKnownFileType = sourcecode.swift; path = DetailViewController.swift; sourceTree = "<group>"; };
		1C6308DD214C147B004159BC /* FullScreenPhotoViewController.swift */ = {isa = PBXFileReference; lastKnownFileType = sourcecode.swift; path = FullScreenPhotoViewController.swift; sourceTree = "<group>"; };
		2A4B6CBE016E93B29E936764 /* Pods-tumblrFeed.release.xcconfig */ = {isa = PBXFileReference; includeInIndex = 1; lastKnownFileType = text.xcconfig; name = "Pods-tumblrFeed.release.xcconfig"; path = "Pods/Target Support Files/Pods-tumblrFeed/Pods-tumblrFeed.release.xcconfig"; sourceTree = "<group>"; };
		465713A301478DC73CB2F197 /* Pods_tumblrFeed.framework */ = {isa = PBXFileReference; explicitFileType = wrapper.framework; includeInIndex = 0; path = Pods_tumblrFeed.framework; sourceTree = BUILT_PRODUCTS_DIR; };
		95CF4C67885C1DA22D09ACD4 /* Pods-tumblrFeedTests.debug.xcconfig */ = {isa = PBXFileReference; includeInIndex = 1; lastKnownFileType = text.xcconfig; name = "Pods-tumblrFeedTests.debug.xcconfig"; path = "Pods/Target Support Files/Pods-tumblrFeedTests/Pods-tumblrFeedTests.debug.xcconfig"; sourceTree = "<group>"; };
		B0701EDB6E269AF3C639995E /* Pods-tumblrFeedTests.release.xcconfig */ = {isa = PBXFileReference; includeInIndex = 1; lastKnownFileType = text.xcconfig; name = "Pods-tumblrFeedTests.release.xcconfig"; path = "Pods/Target Support Files/Pods-tumblrFeedTests/Pods-tumblrFeedTests.release.xcconfig"; sourceTree = "<group>"; };
		C096DB9EE4073CB6FD0CD738 /* Pods-tumblrFeed.debug.xcconfig */ = {isa = PBXFileReference; includeInIndex = 1; lastKnownFileType = text.xcconfig; name = "Pods-tumblrFeed.debug.xcconfig"; path = "Pods/Target Support Files/Pods-tumblrFeed/Pods-tumblrFeed.debug.xcconfig"; sourceTree = "<group>"; };
		C5E15225E04B5191F0A09830 /* Pods-tumblrFeedUITests.release.xcconfig */ = {isa = PBXFileReference; includeInIndex = 1; lastKnownFileType = text.xcconfig; name = "Pods-tumblrFeedUITests.release.xcconfig"; path = "Pods/Target Support Files/Pods-tumblrFeedUITests/Pods-tumblrFeedUITests.release.xcconfig"; sourceTree = "<group>"; };
		C681B7011C1D0E236F009982 /* Pods_tumblrFeedUITests.framework */ = {isa = PBXFileReference; explicitFileType = wrapper.framework; includeInIndex = 0; path = Pods_tumblrFeedUITests.framework; sourceTree = BUILT_PRODUCTS_DIR; };
		E71A8FBB9982185178F3E2F9 /* Pods-tumblrFeedUITests.debug.xcconfig */ = {isa = PBXFileReference; includeInIndex = 1; lastKnownFileType = text.xcconfig; name = "Pods-tumblrFeedUITests.debug.xcconfig"; path = "Pods/Target Support Files/Pods-tumblrFeedUITests/Pods-tumblrFeedUITests.debug.xcconfig"; sourceTree = "<group>"; };
/* End PBXFileReference section */

/* Begin PBXFrameworksBuildPhase section */
		1C0DE9022142CE0E0043530C /* Frameworks */ = {
			isa = PBXFrameworksBuildPhase;
			buildActionMask = 2147483647;
			files = (
				0F29E5004AEFC16F271B0C05 /* Pods_tumblrFeed.framework in Frameworks */,
			);
			runOnlyForDeploymentPostprocessing = 0;
		};
		1C0DE9162142CE0E0043530C /* Frameworks */ = {
			isa = PBXFrameworksBuildPhase;
			buildActionMask = 2147483647;
			files = (
				A0FBFCF6726E6355A06ADA6B /* Pods_tumblrFeedTests.framework in Frameworks */,
			);
			runOnlyForDeploymentPostprocessing = 0;
		};
		1C0DE9212142CE0E0043530C /* Frameworks */ = {
			isa = PBXFrameworksBuildPhase;
			buildActionMask = 2147483647;
			files = (
				66CF7402FDAA987BA92812BB /* Pods_tumblrFeedUITests.framework in Frameworks */,
			);
			runOnlyForDeploymentPostprocessing = 0;
		};
/* End PBXFrameworksBuildPhase section */

/* Begin PBXGroup section */
		1C0DE8FC2142CE0E0043530C = {
			isa = PBXGroup;
			children = (
				1C0DE9072142CE0E0043530C /* tumblrFeed */,
				1C0DE91C2142CE0E0043530C /* tumblrFeedTests */,
				1C0DE9272142CE0E0043530C /* tumblrFeedUITests */,
				1C0DE9062142CE0E0043530C /* Products */,
				F48C6F05336C33A98143B5E6 /* Pods */,
				CE3724EB4BF6FF7408B88118 /* Frameworks */,
			);
			sourceTree = "<group>";
		};
		1C0DE9062142CE0E0043530C /* Products */ = {
			isa = PBXGroup;
			children = (
				1C0DE9052142CE0E0043530C /* tumblrFeed.app */,
				1C0DE9192142CE0E0043530C /* tumblrFeedTests.xctest */,
				1C0DE9242142CE0E0043530C /* tumblrFeedUITests.xctest */,
			);
			name = Products;
			sourceTree = "<group>";
		};
		1C0DE9072142CE0E0043530C /* tumblrFeed */ = {
			isa = PBXGroup;
			children = (
				1C0DE9362142CF6A0043530C /* PhotosViewController.swift */,
				1C0DE93A2142D6E80043530C /* DetailViewController.swift */,
				1C6308DD214C147B004159BC /* FullScreenPhotoViewController.swift */,
				1C0DE9382142D3D60043530C /* TableViewCell.swift */,
				1C0DE9082142CE0E0043530C /* AppDelegate.swift */,
				1C0DE90C2142CE0E0043530C /* Main.storyboard */,
				1C0DE90F2142CE0E0043530C /* Assets.xcassets */,
				1C0DE9112142CE0E0043530C /* LaunchScreen.storyboard */,
				1C0DE9142142CE0E0043530C /* Info.plist */,
			);
			path = tumblrFeed;
			sourceTree = "<group>";
		};
		1C0DE91C2142CE0E0043530C /* tumblrFeedTests */ = {
			isa = PBXGroup;
			children = (
				1C0DE91D2142CE0E0043530C /* tumblrFeedTests.swift */,
				1C0DE91F2142CE0E0043530C /* Info.plist */,
			);
			path = tumblrFeedTests;
			sourceTree = "<group>";
		};
		1C0DE9272142CE0E0043530C /* tumblrFeedUITests */ = {
			isa = PBXGroup;
			children = (
				1C0DE9282142CE0E0043530C /* tumblrFeedUITests.swift */,
				1C0DE92A2142CE0E0043530C /* Info.plist */,
			);
			path = tumblrFeedUITests;
			sourceTree = "<group>";
		};
		CE3724EB4BF6FF7408B88118 /* Frameworks */ = {
			isa = PBXGroup;
			children = (
				465713A301478DC73CB2F197 /* Pods_tumblrFeed.framework */,
				02C1EE9B1716AAE7CF673265 /* Pods_tumblrFeedTests.framework */,
				C681B7011C1D0E236F009982 /* Pods_tumblrFeedUITests.framework */,
			);
			name = Frameworks;
			sourceTree = "<group>";
		};
		F48C6F05336C33A98143B5E6 /* Pods */ = {
			isa = PBXGroup;
			children = (
				C096DB9EE4073CB6FD0CD738 /* Pods-tumblrFeed.debug.xcconfig */,
				2A4B6CBE016E93B29E936764 /* Pods-tumblrFeed.release.xcconfig */,
				95CF4C67885C1DA22D09ACD4 /* Pods-tumblrFeedTests.debug.xcconfig */,
				B0701EDB6E269AF3C639995E /* Pods-tumblrFeedTests.release.xcconfig */,
				E71A8FBB9982185178F3E2F9 /* Pods-tumblrFeedUITests.debug.xcconfig */,
				C5E15225E04B5191F0A09830 /* Pods-tumblrFeedUITests.release.xcconfig */,
			);
			name = Pods;
			sourceTree = "<group>";
		};
/* End PBXGroup section */

/* Begin PBXNativeTarget section */
		1C0DE9042142CE0E0043530C /* tumblrFeed */ = {
			isa = PBXNativeTarget;
			buildConfigurationList = 1C0DE92D2142CE0E0043530C /* Build configuration list for PBXNativeTarget "tumblrFeed" */;
			buildPhases = (
				4D13DDCE4C643055E5B68706 /* [CP] Check Pods Manifest.lock */,
				1C0DE9012142CE0E0043530C /* Sources */,
				1C0DE9022142CE0E0043530C /* Frameworks */,
				1C0DE9032142CE0E0043530C /* Resources */,
				0A3AF3FFFBF251CFD5EB1552 /* [CP] Embed Pods Frameworks */,
			);
			buildRules = (
			);
			dependencies = (
			);
			name = tumblrFeed;
			productName = tumblrFeed;
			productReference = 1C0DE9052142CE0E0043530C /* tumblrFeed.app */;
			productType = "com.apple.product-type.application";
		};
		1C0DE9182142CE0E0043530C /* tumblrFeedTests */ = {
			isa = PBXNativeTarget;
			buildConfigurationList = 1C0DE9302142CE0E0043530C /* Build configuration list for PBXNativeTarget "tumblrFeedTests" */;
			buildPhases = (
				6610D6ED7032E79738048A42 /* [CP] Check Pods Manifest.lock */,
				1C0DE9152142CE0E0043530C /* Sources */,
				1C0DE9162142CE0E0043530C /* Frameworks */,
				1C0DE9172142CE0E0043530C /* Resources */,
			);
			buildRules = (
			);
			dependencies = (
				1C0DE91B2142CE0E0043530C /* PBXTargetDependency */,
			);
			name = tumblrFeedTests;
			productName = tumblrFeedTests;
			productReference = 1C0DE9192142CE0E0043530C /* tumblrFeedTests.xctest */;
			productType = "com.apple.product-type.bundle.unit-test";
		};
		1C0DE9232142CE0E0043530C /* tumblrFeedUITests */ = {
			isa = PBXNativeTarget;
			buildConfigurationList = 1C0DE9332142CE0E0043530C /* Build configuration list for PBXNativeTarget "tumblrFeedUITests" */;
			buildPhases = (
				CC86D39DE7183A54B5F6427B /* [CP] Check Pods Manifest.lock */,
				1C0DE9202142CE0E0043530C /* Sources */,
				1C0DE9212142CE0E0043530C /* Frameworks */,
				1C0DE9222142CE0E0043530C /* Resources */,
			);
			buildRules = (
			);
			dependencies = (
				1C0DE9262142CE0E0043530C /* PBXTargetDependency */,
			);
			name = tumblrFeedUITests;
			productName = tumblrFeedUITests;
			productReference = 1C0DE9242142CE0E0043530C /* tumblrFeedUITests.xctest */;
			productType = "com.apple.product-type.bundle.ui-testing";
		};
/* End PBXNativeTarget section */

/* Begin PBXProject section */
		1C0DE8FD2142CE0E0043530C /* Project object */ = {
			isa = PBXProject;
			attributes = {
				LastSwiftUpdateCheck = 0920;
				LastUpgradeCheck = 0920;
				ORGANIZATIONNAME = "Marilyn Florek";
				TargetAttributes = {
					1C0DE9042142CE0E0043530C = {
						CreatedOnToolsVersion = 9.2;
						ProvisioningStyle = Automatic;
					};
					1C0DE9182142CE0E0043530C = {
						CreatedOnToolsVersion = 9.2;
						ProvisioningStyle = Automatic;
						TestTargetID = 1C0DE9042142CE0E0043530C;
					};
					1C0DE9232142CE0E0043530C = {
						CreatedOnToolsVersion = 9.2;
						ProvisioningStyle = Automatic;
						TestTargetID = 1C0DE9042142CE0E0043530C;
					};
				};
			};
			buildConfigurationList = 1C0DE9002142CE0E0043530C /* Build configuration list for PBXProject "tumblrFeed" */;
			compatibilityVersion = "Xcode 8.0";
			developmentRegion = en;
			hasScannedForEncodings = 0;
			knownRegions = (
				en,
				Base,
			);
			mainGroup = 1C0DE8FC2142CE0E0043530C;
			productRefGroup = 1C0DE9062142CE0E0043530C /* Products */;
			projectDirPath = "";
			projectRoot = "";
			targets = (
				1C0DE9042142CE0E0043530C /* tumblrFeed */,
				1C0DE9182142CE0E0043530C /* tumblrFeedTests */,
				1C0DE9232142CE0E0043530C /* tumblrFeedUITests */,
			);
		};
/* End PBXProject section */

/* Begin PBXResourcesBuildPhase section */
		1C0DE9032142CE0E0043530C /* Resources */ = {
			isa = PBXResourcesBuildPhase;
			buildActionMask = 2147483647;
			files = (
				1C0DE9132142CE0E0043530C /* LaunchScreen.storyboard in Resources */,
				1C0DE9102142CE0E0043530C /* Assets.xcassets in Resources */,
				1C0DE90E2142CE0E0043530C /* Main.storyboard in Resources */,
			);
			runOnlyForDeploymentPostprocessing = 0;
		};
		1C0DE9172142CE0E0043530C /* Resources */ = {
			isa = PBXResourcesBuildPhase;
			buildActionMask = 2147483647;
			files = (
			);
			runOnlyForDeploymentPostprocessing = 0;
		};
		1C0DE9222142CE0E0043530C /* Resources */ = {
			isa = PBXResourcesBuildPhase;
			buildActionMask = 2147483647;
			files = (
			);
			runOnlyForDeploymentPostprocessing = 0;
		};
/* End PBXResourcesBuildPhase section */

/* Begin PBXShellScriptBuildPhase section */
		0A3AF3FFFBF251CFD5EB1552 /* [CP] Embed Pods Frameworks */ = {
			isa = PBXShellScriptBuildPhase;
			buildActionMask = 2147483647;
			files = (
			);
			inputPaths = (
				"${SRCROOT}/Pods/Target Support Files/Pods-tumblrFeed/Pods-tumblrFeed-frameworks.sh",
				"${BUILT_PRODUCTS_DIR}/Alamofire/Alamofire.framework",
				"${BUILT_PRODUCTS_DIR}/AlamofireImage/AlamofireImage.framework",
			);
			name = "[CP] Embed Pods Frameworks";
			outputPaths = (
				"${TARGET_BUILD_DIR}/${FRAMEWORKS_FOLDER_PATH}/Alamofire.framework",
				"${TARGET_BUILD_DIR}/${FRAMEWORKS_FOLDER_PATH}/AlamofireImage.framework",
			);
			runOnlyForDeploymentPostprocessing = 0;
			shellPath = /bin/sh;
			shellScript = "\"${SRCROOT}/Pods/Target Support Files/Pods-tumblrFeed/Pods-tumblrFeed-frameworks.sh\"\n";
			showEnvVarsInLog = 0;
		};
		4D13DDCE4C643055E5B68706 /* [CP] Check Pods Manifest.lock */ = {
			isa = PBXShellScriptBuildPhase;
			buildActionMask = 2147483647;
			files = (
			);
			inputPaths = (
				"${PODS_PODFILE_DIR_PATH}/Podfile.lock",
				"${PODS_ROOT}/Manifest.lock",
			);
			name = "[CP] Check Pods Manifest.lock";
			outputPaths = (
				"$(DERIVED_FILE_DIR)/Pods-tumblrFeed-checkManifestLockResult.txt",
			);
			runOnlyForDeploymentPostprocessing = 0;
			shellPath = /bin/sh;
			shellScript = "diff \"${PODS_PODFILE_DIR_PATH}/Podfile.lock\" \"${PODS_ROOT}/Manifest.lock\" > /dev/null\nif [ $? != 0 ] ; then\n    # print error to STDERR\n    echo \"error: The sandbox is not in sync with the Podfile.lock. Run 'pod install' or update your CocoaPods installation.\" >&2\n    exit 1\nfi\n# This output is used by Xcode 'outputs' to avoid re-running this script phase.\necho \"SUCCESS\" > \"${SCRIPT_OUTPUT_FILE_0}\"\n";
			showEnvVarsInLog = 0;
		};
		6610D6ED7032E79738048A42 /* [CP] Check Pods Manifest.lock */ = {
			isa = PBXShellScriptBuildPhase;
			buildActionMask = 2147483647;
			files = (
			);
			inputPaths = (
				"${PODS_PODFILE_DIR_PATH}/Podfile.lock",
				"${PODS_ROOT}/Manifest.lock",
			);
			name = "[CP] Check Pods Manifest.lock";
			outputPaths = (
				"$(DERIVED_FILE_DIR)/Pods-tumblrFeedTests-checkManifestLockResult.txt",
			);
			runOnlyForDeploymentPostprocessing = 0;
			shellPath = /bin/sh;
			shellScript = "diff \"${PODS_PODFILE_DIR_PATH}/Podfile.lock\" \"${PODS_ROOT}/Manifest.lock\" > /dev/null\nif [ $? != 0 ] ; then\n    # print error to STDERR\n    echo \"error: The sandbox is not in sync with the Podfile.lock. Run 'pod install' or update your CocoaPods installation.\" >&2\n    exit 1\nfi\n# This output is used by Xcode 'outputs' to avoid re-running this script phase.\necho \"SUCCESS\" > \"${SCRIPT_OUTPUT_FILE_0}\"\n";
			showEnvVarsInLog = 0;
		};
		CC86D39DE7183A54B5F6427B /* [CP] Check Pods Manifest.lock */ = {
			isa = PBXShellScriptBuildPhase;
			buildActionMask = 2147483647;
			files = (
			);
			inputPaths = (
				"${PODS_PODFILE_DIR_PATH}/Podfile.lock",
				"${PODS_ROOT}/Manifest.lock",
			);
			name = "[CP] Check Pods Manifest.lock";
			outputPaths = (
				"$(DERIVED_FILE_DIR)/Pods-tumblrFeedUITests-checkManifestLockResult.txt",
			);
			runOnlyForDeploymentPostprocessing = 0;
			shellPath = /bin/sh;
			shellScript = "diff \"${PODS_PODFILE_DIR_PATH}/Podfile.lock\" \"${PODS_ROOT}/Manifest.lock\" > /dev/null\nif [ $? != 0 ] ; then\n    # print error to STDERR\n    echo \"error: The sandbox is not in sync with the Podfile.lock. Run 'pod install' or update your CocoaPods installation.\" >&2\n    exit 1\nfi\n# This output is used by Xcode 'outputs' to avoid re-running this script phase.\necho \"SUCCESS\" > \"${SCRIPT_OUTPUT_FILE_0}\"\n";
			showEnvVarsInLog = 0;
		};
/* End PBXShellScriptBuildPhase section */

/* Begin PBXSourcesBuildPhase section */
		1C0DE9012142CE0E0043530C /* Sources */ = {
			isa = PBXSourcesBuildPhase;
			buildActionMask = 2147483647;
			files = (
				1C0DE9392142D3D60043530C /* TableViewCell.swift in Sources */,
				1C0DE9092142CE0E0043530C /* AppDelegate.swift in Sources */,
				1C0DE9372142CF6A0043530C /* PhotosViewController.swift in Sources */,
				1C0DE93B2142D6E80043530C /* DetailViewController.swift in Sources */,
				1C6308DE214C147B004159BC /* FullScreenPhotoViewController.swift in Sources */,
			);
			runOnlyForDeploymentPostprocessing = 0;
		};
		1C0DE9152142CE0E0043530C /* Sources */ = {
			isa = PBXSourcesBuildPhase;
			buildActionMask = 2147483647;
			files = (
				1C0DE91E2142CE0E0043530C /* tumblrFeedTests.swift in Sources */,
			);
			runOnlyForDeploymentPostprocessing = 0;
		};
		1C0DE9202142CE0E0043530C /* Sources */ = {
			isa = PBXSourcesBuildPhase;
			buildActionMask = 2147483647;
			files = (
				1C0DE9292142CE0E0043530C /* tumblrFeedUITests.swift in Sources */,
			);
			runOnlyForDeploymentPostprocessing = 0;
		};
/* End PBXSourcesBuildPhase section */

/* Begin PBXTargetDependency section */
		1C0DE91B2142CE0E0043530C /* PBXTargetDependency */ = {
			isa = PBXTargetDependency;
			target = 1C0DE9042142CE0E0043530C /* tumblrFeed */;
			targetProxy = 1C0DE91A2142CE0E0043530C /* PBXContainerItemProxy */;
		};
		1C0DE9262142CE0E0043530C /* PBXTargetDependency */ = {
			isa = PBXTargetDependency;
			target = 1C0DE9042142CE0E0043530C /* tumblrFeed */;
			targetProxy = 1C0DE9252142CE0E0043530C /* PBXContainerItemProxy */;
		};
/* End PBXTargetDependency section */

/* Begin PBXVariantGroup section */
		1C0DE90C2142CE0E0043530C /* Main.storyboard */ = {
			isa = PBXVariantGroup;
			children = (
				1C0DE90D2142CE0E0043530C /* Base */,
			);
			name = Main.storyboard;
			sourceTree = "<group>";
		};
		1C0DE9112142CE0E0043530C /* LaunchScreen.storyboard */ = {
			isa = PBXVariantGroup;
			children = (
				1C0DE9122142CE0E0043530C /* Base */,
			);
			name = LaunchScreen.storyboard;
			sourceTree = "<group>";
		};
/* End PBXVariantGroup section */

/* Begin XCBuildConfiguration section */
		1C0DE92B2142CE0E0043530C /* Debug */ = {
			isa = XCBuildConfiguration;
			buildSettings = {
				ALWAYS_SEARCH_USER_PATHS = NO;
				CLANG_ANALYZER_NONNULL = YES;
				CLANG_ANALYZER_NUMBER_OBJECT_CONVERSION = YES_AGGRESSIVE;
				CLANG_CXX_LANGUAGE_STANDARD = "gnu++14";
				CLANG_CXX_LIBRARY = "libc++";
				CLANG_ENABLE_MODULES = YES;
				CLANG_ENABLE_OBJC_ARC = YES;
				CLANG_WARN_BLOCK_CAPTURE_AUTORELEASING = YES;
				CLANG_WARN_BOOL_CONVERSION = YES;
				CLANG_WARN_COMMA = YES;
				CLANG_WARN_CONSTANT_CONVERSION = YES;
				CLANG_WARN_DIRECT_OBJC_ISA_USAGE = YES_ERROR;
				CLANG_WARN_DOCUMENTATION_COMMENTS = YES;
				CLANG_WARN_EMPTY_BODY = YES;
				CLANG_WARN_ENUM_CONVERSION = YES;
				CLANG_WARN_INFINITE_RECURSION = YES;
				CLANG_WARN_INT_CONVERSION = YES;
				CLANG_WARN_NON_LITERAL_NULL_CONVERSION = YES;
				CLANG_WARN_OBJC_LITERAL_CONVERSION = YES;
				CLANG_WARN_OBJC_ROOT_CLASS = YES_ERROR;
				CLANG_WARN_RANGE_LOOP_ANALYSIS = YES;
				CLANG_WARN_STRICT_PROTOTYPES = YES;
				CLANG_WARN_SUSPICIOUS_MOVE = YES;
				CLANG_WARN_UNGUARDED_AVAILABILITY = YES_AGGRESSIVE;
				CLANG_WARN_UNREACHABLE_CODE = YES;
				CLANG_WARN__DUPLICATE_METHOD_MATCH = YES;
				CODE_SIGN_IDENTITY = "iPhone Developer";
				COPY_PHASE_STRIP = NO;
				DEBUG_INFORMATION_FORMAT = dwarf;
				ENABLE_STRICT_OBJC_MSGSEND = YES;
				ENABLE_TESTABILITY = YES;
				GCC_C_LANGUAGE_STANDARD = gnu11;
				GCC_DYNAMIC_NO_PIC = NO;
				GCC_NO_COMMON_BLOCKS = YES;
				GCC_OPTIMIZATION_LEVEL = 0;
				GCC_PREPROCESSOR_DEFINITIONS = (
					"DEBUG=1",
					"$(inherited)",
				);
				GCC_WARN_64_TO_32_BIT_CONVERSION = YES;
				GCC_WARN_ABOUT_RETURN_TYPE = YES_ERROR;
				GCC_WARN_UNDECLARED_SELECTOR = YES;
				GCC_WARN_UNINITIALIZED_AUTOS = YES_AGGRESSIVE;
				GCC_WARN_UNUSED_FUNCTION = YES;
				GCC_WARN_UNUSED_VARIABLE = YES;
				IPHONEOS_DEPLOYMENT_TARGET = 11.2;
				MTL_ENABLE_DEBUG_INFO = YES;
				ONLY_ACTIVE_ARCH = YES;
				SDKROOT = iphoneos;
				SWIFT_ACTIVE_COMPILATION_CONDITIONS = DEBUG;
				SWIFT_OPTIMIZATION_LEVEL = "-Onone";
			};
			name = Debug;
		};
		1C0DE92C2142CE0E0043530C /* Release */ = {
			isa = XCBuildConfiguration;
			buildSettings = {
				ALWAYS_SEARCH_USER_PATHS = NO;
				CLANG_ANALYZER_NONNULL = YES;
				CLANG_ANALYZER_NUMBER_OBJECT_CONVERSION = YES_AGGRESSIVE;
				CLANG_CXX_LANGUAGE_STANDARD = "gnu++14";
				CLANG_CXX_LIBRARY = "libc++";
				CLANG_ENABLE_MODULES = YES;
				CLANG_ENABLE_OBJC_ARC = YES;
				CLANG_WARN_BLOCK_CAPTURE_AUTORELEASING = YES;
				CLANG_WARN_BOOL_CONVERSION = YES;
				CLANG_WARN_COMMA = YES;
				CLANG_WARN_CONSTANT_CONVERSION = YES;
				CLANG_WARN_DIRECT_OBJC_ISA_USAGE = YES_ERROR;
				CLANG_WARN_DOCUMENTATION_COMMENTS = YES;
				CLANG_WARN_EMPTY_BODY = YES;
				CLANG_WARN_ENUM_CONVERSION = YES;
				CLANG_WARN_INFINITE_RECURSION = YES;
				CLANG_WARN_INT_CONVERSION = YES;
				CLANG_WARN_NON_LITERAL_NULL_CONVERSION = YES;
				CLANG_WARN_OBJC_LITERAL_CONVERSION = YES;
				CLANG_WARN_OBJC_ROOT_CLASS = YES_ERROR;
				CLANG_WARN_RANGE_LOOP_ANALYSIS = YES;
				CLANG_WARN_STRICT_PROTOTYPES = YES;
				CLANG_WARN_SUSPICIOUS_MOVE = YES;
				CLANG_WARN_UNGUARDED_AVAILABILITY = YES_AGGRESSIVE;
				CLANG_WARN_UNREACHABLE_CODE = YES;
				CLANG_WARN__DUPLICATE_METHOD_MATCH = YES;
				CODE_SIGN_IDENTITY = "iPhone Developer";
				COPY_PHASE_STRIP = NO;
				DEBUG_INFORMATION_FORMAT = "dwarf-with-dsym";
				ENABLE_NS_ASSERTIONS = NO;
				ENABLE_STRICT_OBJC_MSGSEND = YES;
				GCC_C_LANGUAGE_STANDARD = gnu11;
				GCC_NO_COMMON_BLOCKS = YES;
				GCC_WARN_64_TO_32_BIT_CONVERSION = YES;
				GCC_WARN_ABOUT_RETURN_TYPE = YES_ERROR;
				GCC_WARN_UNDECLARED_SELECTOR = YES;
				GCC_WARN_UNINITIALIZED_AUTOS = YES_AGGRESSIVE;
				GCC_WARN_UNUSED_FUNCTION = YES;
				GCC_WARN_UNUSED_VARIABLE = YES;
				IPHONEOS_DEPLOYMENT_TARGET = 11.2;
				MTL_ENABLE_DEBUG_INFO = NO;
				SDKROOT = iphoneos;
				SWIFT_OPTIMIZATION_LEVEL = "-Owholemodule";
				VALIDATE_PRODUCT = YES;
			};
			name = Release;
		};
		1C0DE92E2142CE0E0043530C /* Debug */ = {
			isa = XCBuildConfiguration;
			baseConfigurationReference = C096DB9EE4073CB6FD0CD738 /* Pods-tumblrFeed.debug.xcconfig */;
			buildSettings = {
				ASSETCATALOG_COMPILER_APPICON_NAME = AppIcon;
				CODE_SIGN_STYLE = Automatic;
				INFOPLIST_FILE = tumblrFeed/Info.plist;
				LD_RUNPATH_SEARCH_PATHS = "$(inherited) @executable_path/Frameworks";
				PRODUCT_BUNDLE_IDENTIFIER = com.codepath.tumblrFeed;
				PRODUCT_NAME = "$(TARGET_NAME)";
				SWIFT_VERSION = 4.0;
				TARGETED_DEVICE_FAMILY = "1,2";
			};
			name = Debug;
		};
		1C0DE92F2142CE0E0043530C /* Release */ = {
			isa = XCBuildConfiguration;
			baseConfigurationReference = 2A4B6CBE016E93B29E936764 /* Pods-tumblrFeed.release.xcconfig */;
			buildSettings = {
				ASSETCATALOG_COMPILER_APPICON_NAME = AppIcon;
				CODE_SIGN_STYLE = Automatic;
				INFOPLIST_FILE = tumblrFeed/Info.plist;
				LD_RUNPATH_SEARCH_PATHS = "$(inherited) @executable_path/Frameworks";
				PRODUCT_BUNDLE_IDENTIFIER = com.codepath.tumblrFeed;
				PRODUCT_NAME = "$(TARGET_NAME)";
				SWIFT_VERSION = 4.0;
				TARGETED_DEVICE_FAMILY = "1,2";
			};
			name = Release;
		};
		1C0DE9312142CE0E0043530C /* Debug */ = {
			isa = XCBuildConfiguration;
			baseConfigurationReference = 95CF4C67885C1DA22D09ACD4 /* Pods-tumblrFeedTests.debug.xcconfig */;
			buildSettings = {
				ALWAYS_EMBED_SWIFT_STANDARD_LIBRARIES = YES;
				BUNDLE_LOADER = "$(TEST_HOST)";
				CODE_SIGN_STYLE = Automatic;
				INFOPLIST_FILE = tumblrFeedTests/Info.plist;
				LD_RUNPATH_SEARCH_PATHS = "$(inherited) @executable_path/Frameworks @loader_path/Frameworks";
				PRODUCT_BUNDLE_IDENTIFIER = com.codepath.tumblrFeedTests;
				PRODUCT_NAME = "$(TARGET_NAME)";
				SWIFT_VERSION = 4.0;
				TARGETED_DEVICE_FAMILY = "1,2";
				TEST_HOST = "$(BUILT_PRODUCTS_DIR)/tumblrFeed.app/tumblrFeed";
			};
			name = Debug;
		};
		1C0DE9322142CE0E0043530C /* Release */ = {
			isa = XCBuildConfiguration;
			baseConfigurationReference = B0701EDB6E269AF3C639995E /* Pods-tumblrFeedTests.release.xcconfig */;
			buildSettings = {
				ALWAYS_EMBED_SWIFT_STANDARD_LIBRARIES = YES;
				BUNDLE_LOADER = "$(TEST_HOST)";
				CODE_SIGN_STYLE = Automatic;
				INFOPLIST_FILE = tumblrFeedTests/Info.plist;
				LD_RUNPATH_SEARCH_PATHS = "$(inherited) @executable_path/Frameworks @loader_path/Frameworks";
				PRODUCT_BUNDLE_IDENTIFIER = com.codepath.tumblrFeedTests;
				PRODUCT_NAME = "$(TARGET_NAME)";
				SWIFT_VERSION = 4.0;
				TARGETED_DEVICE_FAMILY = "1,2";
				TEST_HOST = "$(BUILT_PRODUCTS_DIR)/tumblrFeed.app/tumblrFeed";
			};
			name = Release;
		};
		1C0DE9342142CE0E0043530C /* Debug */ = {
			isa = XCBuildConfiguration;
			baseConfigurationReference = E71A8FBB9982185178F3E2F9 /* Pods-tumblrFeedUITests.debug.xcconfig */;
			buildSettings = {
				ALWAYS_EMBED_SWIFT_STANDARD_LIBRARIES = YES;
				CODE_SIGN_STYLE = Automatic;
				INFOPLIST_FILE = tumblrFeedUITests/Info.plist;
				LD_RUNPATH_SEARCH_PATHS = "$(inherited) @executable_path/Frameworks @loader_path/Frameworks";
				PRODUCT_BUNDLE_IDENTIFIER = com.codepath.tumblrFeedUITests;
				PRODUCT_NAME = "$(TARGET_NAME)";
				SWIFT_VERSION = 4.0;
				TARGETED_DEVICE_FAMILY = "1,2";
				TEST_TARGET_NAME = tumblrFeed;
			};
			name = Debug;
		};
		1C0DE9352142CE0E0043530C /* Release */ = {
			isa = XCBuildConfiguration;
			baseConfigurationReference = C5E15225E04B5191F0A09830 /* Pods-tumblrFeedUITests.release.xcconfig */;
			buildSettings = {
				ALWAYS_EMBED_SWIFT_STANDARD_LIBRARIES = YES;
				CODE_SIGN_STYLE = Automatic;
				INFOPLIST_FILE = tumblrFeedUITests/Info.plist;
				LD_RUNPATH_SEARCH_PATHS = "$(inherited) @executable_path/Frameworks @loader_path/Frameworks";
				PRODUCT_BUNDLE_IDENTIFIER = com.codepath.tumblrFeedUITests;
				PRODUCT_NAME = "$(TARGET_NAME)";
				SWIFT_VERSION = 4.0;
				TARGETED_DEVICE_FAMILY = "1,2";
				TEST_TARGET_NAME = tumblrFeed;
			};
			name = Release;
		};
/* End XCBuildConfiguration section */

/* Begin XCConfigurationList section */
		1C0DE9002142CE0E0043530C /* Build configuration list for PBXProject "tumblrFeed" */ = {
			isa = XCConfigurationList;
			buildConfigurations = (
				1C0DE92B2142CE0E0043530C /* Debug */,
				1C0DE92C2142CE0E0043530C /* Release */,
			);
			defaultConfigurationIsVisible = 0;
			defaultConfigurationName = Release;
		};
		1C0DE92D2142CE0E0043530C /* Build configuration list for PBXNativeTarget "tumblrFeed" */ = {
			isa = XCConfigurationList;
			buildConfigurations = (
				1C0DE92E2142CE0E0043530C /* Debug */,
				1C0DE92F2142CE0E0043530C /* Release */,
			);
			defaultConfigurationIsVisible = 0;
			defaultConfigurationName = Release;
		};
		1C0DE9302142CE0E0043530C /* Build configuration list for PBXNativeTarget "tumblrFeedTests" */ = {
			isa = XCConfigurationList;
			buildConfigurations = (
				1C0DE9312142CE0E0043530C /* Debug */,
				1C0DE9322142CE0E0043530C /* Release */,
			);
			defaultConfigurationIsVisible = 0;
			defaultConfigurationName = Release;
		};
		1C0DE9332142CE0E0043530C /* Build configuration list for PBXNativeTarget "tumblrFeedUITests" */ = {
			isa = XCConfigurationList;
			buildConfigurations = (
				1C0DE9342142CE0E0043530C /* Debug */,
				1C0DE9352142CE0E0043530C /* Release */,
			);
			defaultConfigurationIsVisible = 0;
			defaultConfigurationName = Release;
		};
/* End XCConfigurationList section */
	};
	rootObject = 1C0DE8FD2142CE0E0043530C /* Project object */;
}
